
Microsoft Visual Studio Solution File, Format Version 12.00
# Visual Studio Version 17
VisualStudioVersion = 17.0.31903.59
MinimumVisualStudioVersion = 10.0.40219.1
Project("{FAE04EC0-301F-11D3-BF4B-00C04F79EFBC}") = "Permission.Api", "Permission.Api\Permission.Api.csproj", "{5CE4E4B4-8679-43AD-930B-4761F6DADCFA}"
EndProject
Project("{FAE04EC0-301F-11D3-BF4B-00C04F79EFBC}") = "Permission.Domain", "Permission.Domain\Permission.Domain.csproj", "{DAEE6A78-9BCC-4DE0-B1B9-05AE8F84AF9A}"
EndProject
Project("{FAE04EC0-301F-11D3-BF4B-00C04F79EFBC}") = "Permission.Application", "Permission.Application\Permission.Application.csproj", "{13AB0E3A-1D14-4A00-96D3-800542E0DC9B}"
EndProject
Project("{FAE04EC0-301F-11D3-BF4B-00C04F79EFBC}") = "Permission.Persistence", "Permission.Persistence\Permission.Persistence.csproj", "{096BEDDA-31EE-4493-AF39-B94831932C2B}"
EndProject
Global
	GlobalSection(SolutionConfigurationPlatforms) = preSolution
		Debug|Any CPU = Debug|Any CPU
		Release|Any CPU = Release|Any CPU
	EndGlobalSection
	GlobalSection(SolutionProperties) = preSolution
		HideSolutionNode = FALSE
	EndGlobalSection
	GlobalSection(ProjectConfigurationPlatforms) = postSolution
		{5CE4E4B4-8679-43AD-930B-4761F6DADCFA}.Debug|Any CPU.ActiveCfg = Debug|Any CPU
		{5CE4E4B4-8679-43AD-930B-4761F6DADCFA}.Debug|Any CPU.Build.0 = Debug|Any CPU
		{5CE4E4B4-8679-43AD-930B-4761F6DADCFA}.Release|Any CPU.ActiveCfg = Release|Any CPU
		{5CE4E4B4-8679-43AD-930B-4761F6DADCFA}.Release|Any CPU.Build.0 = Release|Any CPU
		{DAEE6A78-9BCC-4DE0-B1B9-05AE8F84AF9A}.Debug|Any CPU.ActiveCfg = Debug|Any CPU
		{DAEE6A78-9BCC-4DE0-B1B9-05AE8F84AF9A}.Debug|Any CPU.Build.0 = Debug|Any CPU
		{DAEE6A78-9BCC-4DE0-B1B9-05AE8F84AF9A}.Release|Any CPU.ActiveCfg = Release|Any CPU
		{DAEE6A78-9BCC-4DE0-B1B9-05AE8F84AF9A}.Release|Any CPU.Build.0 = Release|Any CPU
		{13AB0E3A-1D14-4A00-96D3-800542E0DC9B}.Debug|Any CPU.ActiveCfg = Debug|Any CPU
		{13AB0E3A-1D14-4A00-96D3-800542E0DC9B}.Debug|Any CPU.Build.0 = Debug|Any CPU
		{13AB0E3A-1D14-4A00-96D3-800542E0DC9B}.Release|Any CPU.ActiveCfg = Release|Any CPU
		{13AB0E3A-1D14-4A00-96D3-800542E0DC9B}.Release|Any CPU.Build.0 = Release|Any CPU
		{096BEDDA-31EE-4493-AF39-B94831932C2B}.Debug|Any CPU.ActiveCfg = Debug|Any CPU
		{096BEDDA-31EE-4493-AF39-B94831932C2B}.Debug|Any CPU.Build.0 = Debug|Any CPU
		{096BEDDA-31EE-4493-AF39-B94831932C2B}.Release|Any CPU.ActiveCfg = Release|Any CPU
		{096BEDDA-31EE-4493-AF39-B94831932C2B}.Release|Any CPU.Build.0 = Release|Any CPU
	EndGlobalSection
EndGlobal
